
Microsoft Visual Studio Solution File, Format Version 12.00
# Visual Studio Version 17
VisualStudioVersion = 17.9.34622.214
MinimumVisualStudioVersion = 10.0.40219.1
Project("{FAE04EC0-301F-11D3-BF4B-00C04F79EFBC}") = "FrutasColombia_CS_PoC_Consola", "FrutasColombia_CS_PoC_Consola\FrutasColombia_CS_PoC_Consola.csproj", "{A8547C3D-3786-4BBC-9E05-5449B6D3B6E1}"
EndProject
Global
	GlobalSection(SolutionConfigurationPlatforms) = preSolution
		Debug|Any CPU = Debug|Any CPU
		Release|Any CPU = Release|Any CPU
	EndGlobalSection
	GlobalSection(ProjectConfigurationPlatforms) = postSolution
		{A8547C3D-3786-4BBC-9E05-5449B6D3B6E1}.Debug|Any CPU.ActiveCfg = Debug|Any CPU
		{A8547C3D-3786-4BBC-9E05-5449B6D3B6E1}.Debug|Any CPU.Build.0 = Debug|Any CPU
		{A8547C3D-3786-4BBC-9E05-5449B6D3B6E1}.Release|Any CPU.ActiveCfg = Release|Any CPU
		{A8547C3D-3786-4BBC-9E05-5449B6D3B6E1}.Release|Any CPU.Build.0 = Release|Any CPU
	EndGlobalSection
	GlobalSection(SolutionProperties) = preSolution
		HideSolutionNode = FALSE
	EndGlobalSection
	GlobalSection(ExtensibilityGlobals) = postSolution
		SolutionGuid = {3AEC7955-3B37-44AE-8B10-60D154DC6BFC}
	EndGlobalSection
EndGlobal
